
Microsoft Visual Studio Solution File, Format Version 12.00
# Visual Studio 15
Project("{FAE04EC0-301F-11D3-BF4B-00C04F79EFBC}") = "Oculus.Platform", "Oculus.Platform.csproj", "{02DFD0A3-CFBC-9DB9-7139-F3B05D4CD78E}"
EndProject
Project("{FAE04EC0-301F-11D3-BF4B-00C04F79EFBC}") = "Assembly-CSharp", "Assembly-CSharp.csproj", "{1CF1E11B-9C1B-92C4-6DF4-3118563722E3}"
EndProject
Project("{FAE04EC0-301F-11D3-BF4B-00C04F79EFBC}") = "Oculus.Spatializer", "Oculus.Spatializer.csproj", "{B9835330-C079-0F9E-7E99-B742E6771E67}"
EndProject
Project("{FAE04EC0-301F-11D3-BF4B-00C04F79EFBC}") = "Meta.WitAi", "Meta.WitAi.csproj", "{F9331E5B-A370-9B1D-ED85-AE63A23A5FF1}"
EndProject
Project("{FAE04EC0-301F-11D3-BF4B-00C04F79EFBC}") = "Oculus.Interaction", "Oculus.Interaction.csproj", "{52D995B2-1E84-D22D-DC4F-D5A327D7E4D0}"
EndProject
Project("{FAE04EC0-301F-11D3-BF4B-00C04F79EFBC}") = "Meta.WitAi.Lib", "Meta.WitAi.Lib.csproj", "{0C7F1E28-FF6C-7C63-04C9-98FB162AF04E}"
EndProject
Project("{FAE04EC0-301F-11D3-BF4B-00C04F79EFBC}") = "Oculus.Interaction.OVR.Samples", "Oculus.Interaction.OVR.Samples.csproj", "{AEF195E9-A6E5-70DD-C242-74613FC1ED4A}"
EndProject
Project("{FAE04EC0-301F-11D3-BF4B-00C04F79EFBC}") = "Oculus.VR", "Oculus.VR.csproj", "{2E3416E0-E3CF-3B11-58F8-5BA99BE00A11}"
EndProject
Project("{FAE04EC0-301F-11D3-BF4B-00C04F79EFBC}") = "Meta.XR.BuildingBlocks", "Meta.XR.BuildingBlocks.csproj", "{8A6364B6-C012-6128-174E-C2FDB632281B}"
EndProject
Project("{FAE04EC0-301F-11D3-BF4B-00C04F79EFBC}") = "Meta.Voice.Samples.LiveUnderstanding", "Meta.Voice.Samples.LiveUnderstanding.csproj", "{C7234C32-C591-25E5-0FC1-0695E7E758B8}"
EndProject
Project("{FAE04EC0-301F-11D3-BF4B-00C04F79EFBC}") = "VoiceSDK.Dictation.Runtime", "VoiceSDK.Dictation.Runtime.csproj", "{4579340B-14E6-453C-8A97-43571F062181}"
EndProject
Project("{FAE04EC0-301F-11D3-BF4B-00C04F79EFBC}") = "Meta.WitAi.TTS", "Meta.WitAi.TTS.csproj", "{165CBEEE-DAA7-7955-1A12-EBE2059A1958}"
EndProject
Project("{FAE04EC0-301F-11D3-BF4B-00C04F79EFBC}") = "Oculus.AudioManager", "Oculus.AudioManager.csproj", "{AF2B3026-1AB0-2CE3-DAE6-1AFF2BE010DF}"
EndProject
Project("{FAE04EC0-301F-11D3-BF4B-00C04F79EFBC}") = "Meta.Voice.Hub.Runtime", "Meta.Voice.Hub.Runtime.csproj", "{21D0D196-21FA-BC18-7674-BD54EC217E70}"
EndProject
Project("{FAE04EC0-301F-11D3-BF4B-00C04F79EFBC}") = "VoiceSDK.Runtime", "VoiceSDK.Runtime.csproj", "{C320C349-F7EF-03AF-C2EA-BCF488977F3D}"
EndProject
Project("{FAE04EC0-301F-11D3-BF4B-00C04F79EFBC}") = "Facebook.Wit.Dictation", "Facebook.Wit.Dictation.csproj", "{E9140FA2-43CD-0950-EEFB-7387ADC6DA0C}"
EndProject
Project("{FAE04EC0-301F-11D3-BF4B-00C04F79EFBC}") = "Meta.Voice.Samples.Dictation", "Meta.Voice.Samples.Dictation.csproj", "{8E05B261-91FF-B2E0-6CCD-D7AC74C8C65A}"
EndProject
Project("{FAE04EC0-301F-11D3-BF4B-00C04F79EFBC}") = "Oculus.Interaction.OVR", "Oculus.Interaction.OVR.csproj", "{FE80938D-6C69-C283-B616-5FC76ECC4080}"
EndProject
Project("{FAE04EC0-301F-11D3-BF4B-00C04F79EFBC}") = "AssistantCoreSDKRuntime", "AssistantCoreSDKRuntime.csproj", "{98735D4C-6EA3-EA8C-5A9F-54C9E5E699E9}"
EndProject
Project("{FAE04EC0-301F-11D3-BF4B-00C04F79EFBC}") = "Meta.WitAi.Conduit", "Meta.WitAi.Conduit.csproj", "{D4A33EBC-D082-3372-9515-359EDE7AAB06}"
EndProject
Project("{FAE04EC0-301F-11D3-BF4B-00C04F79EFBC}") = "Oculus.LipSync", "Oculus.LipSync.csproj", "{EA2A2E7A-D45C-B812-F0C4-08AB1946DB6A}"
EndProject
Project("{FAE04EC0-301F-11D3-BF4B-00C04F79EFBC}") = "Meta.Voice.Samples.Shapes", "Meta.Voice.Samples.Shapes.csproj", "{C5AF068D-5439-4F13-C65C-745658EDB3AE}"
EndProject
Project("{FAE04EC0-301F-11D3-BF4B-00C04F79EFBC}") = "Meta.Voice.Samples.TTSVoices", "Meta.Voice.Samples.TTSVoices.csproj", "{361B77FC-9CBD-3CDF-D11B-B79617D02F03}"
EndProject
Project("{FAE04EC0-301F-11D3-BF4B-00C04F79EFBC}") = "Meta.VoiceSDK.Mic.Other", "Meta.VoiceSDK.Mic.Other.csproj", "{B54BF802-745C-B7E2-7383-33CE75E48D50}"
EndProject
Project("{FAE04EC0-301F-11D3-BF4B-00C04F79EFBC}") = "Meta.VoiceSDK.Mic.Common", "Meta.VoiceSDK.Mic.Common.csproj", "{1AB388B7-0696-2AD9-6DD7-C1D58764454F}"
EndProject
Project("{FAE04EC0-301F-11D3-BF4B-00C04F79EFBC}") = "Meta.Voice.Samples.Chess", "Meta.Voice.Samples.Chess.csproj", "{9CC0DB63-FDEE-CF1E-B5BD-3EBE55378955}"
EndProject
Project("{FAE04EC0-301F-11D3-BF4B-00C04F79EFBC}") = "Meta.Voice.Samples.ShapesConduit", "Meta.Voice.Samples.ShapesConduit.csproj", "{D505BEE2-2D9A-A44C-04BD-B5D614FF7434}"
EndProject
Project("{FAE04EC0-301F-11D3-BF4B-00C04F79EFBC}") = "Meta.VoiceSDK.Mic.WebGL", "Meta.VoiceSDK.Mic.WebGL.csproj", "{902EEEDC-A662-25AE-717B-1E81E91BEFD9}"
EndProject
Project("{FAE04EC0-301F-11D3-BF4B-00C04F79EFBC}") = "Meta.Voice.Samples.BuiltInTimer", "Meta.Voice.Samples.BuiltInTimer.csproj", "{7E4885A6-E45A-836D-E7AD-BAC4ED9BA368}"
EndProject
Project("{FAE04EC0-301F-11D3-BF4B-00C04F79EFBC}") = "Meta.Voice.Samples.LightTraits", "Meta.Voice.Samples.LightTraits.csproj", "{D9A6EC5B-D344-C49F-46FE-63C8CE522275}"
EndProject
Project("{FAE04EC0-301F-11D3-BF4B-00C04F79EFBC}") = "Meta.WitAi.Editor", "Meta.WitAi.Editor.csproj", "{9E8FCD7C-1692-EF0B-56F7-9B80F785276B}"
EndProject
Project("{FAE04EC0-301F-11D3-BF4B-00C04F79EFBC}") = "Oculus.Interaction.Editor", "Oculus.Interaction.Editor.csproj", "{2F4205F3-A61C-7589-172A-95BD1C488D1D}"
EndProject
Project("{FAE04EC0-301F-11D3-BF4B-00C04F79EFBC}") = "Meta.Voice.Hub.Editor", "Meta.Voice.Hub.Editor.csproj", "{85A1905B-5327-FB96-C3CC-9B56FFCC2378}"
EndProject
Project("{FAE04EC0-301F-11D3-BF4B-00C04F79EFBC}") = "Meta.WitAI.Lib.Editor", "Meta.WitAI.Lib.Editor.csproj", "{A3DAD75C-9E77-9613-58F4-E5A3D2D093C1}"
EndProject
Project("{FAE04EC0-301F-11D3-BF4B-00C04F79EFBC}") = "Oculus.VR.Editor", "Oculus.VR.Editor.csproj", "{2EBDAC9C-D0D3-E530-A940-AD84CCDB8052}"
EndProject
Project("{FAE04EC0-301F-11D3-BF4B-00C04F79EFBC}") = "Meta.WitAi.Conduit.Editor", "Meta.WitAi.Conduit.Editor.csproj", "{B11FA218-964D-A478-7859-EC2E870A52E9}"
EndProject
Project("{FAE04EC0-301F-11D3-BF4B-00C04F79EFBC}") = "VoiceSDK.Telemetry", "VoiceSDK.Telemetry.csproj", "{400E6E6F-143B-6504-A9B7-C0B1FF6C3CAB}"
EndProject
Project("{FAE04EC0-301F-11D3-BF4B-00C04F79EFBC}") = "Oculus.Interaction.OVR.Editor", "Oculus.Interaction.OVR.Editor.csproj", "{4F74D918-2CFF-EC43-39E7-C3C1576090D9}"
EndProject
Project("{FAE04EC0-301F-11D3-BF4B-00C04F79EFBC}") = "Meta.XR.BuildingBlocks.Editor", "Meta.XR.BuildingBlocks.Editor.csproj", "{6F73183A-4268-B2BF-2CC2-70915D8F6F97}"
EndProject
Project("{FAE04EC0-301F-11D3-BF4B-00C04F79EFBC}") = "Assembly-CSharp-Editor", "Assembly-CSharp-Editor.csproj", "{CAD790AC-F191-4E57-F787-142F4EBE73CF}"
EndProject
Project("{FAE04EC0-301F-11D3-BF4B-00C04F79EFBC}") = "Oculus.Interaction.Samples.Editor", "Oculus.Interaction.Samples.Editor.csproj", "{632F2715-343A-7FD5-446D-D5A9E9E074E6}"
EndProject
Project("{FAE04EC0-301F-11D3-BF4B-00C04F79EFBC}") = "Oculus.VR.Scripts.Editor", "Oculus.VR.Scripts.Editor.csproj", "{FCBCBB7D-8E64-7FAF-EF7A-6841510B5785}"
EndProject
Project("{FAE04EC0-301F-11D3-BF4B-00C04F79EFBC}") = "VoiceSDK.Editor", "VoiceSDK.Editor.csproj", "{5C23291A-B1B8-D002-7545-F43DBEC07B45}"
EndProject
Project("{FAE04EC0-301F-11D3-BF4B-00C04F79EFBC}") = "Oculus.Spatializer.Editor", "Oculus.Spatializer.Editor.csproj", "{A11383F0-447E-1C5B-C839-1330748CE75C}"
EndProject
Project("{FAE04EC0-301F-11D3-BF4B-00C04F79EFBC}") = "Meta.WitAi.TTS.Editor", "Meta.WitAi.TTS.Editor.csproj", "{055EF902-7E10-45AD-920D-D58AB5238B22}"
EndProject
Project("{FAE04EC0-301F-11D3-BF4B-00C04F79EFBC}") = "Facebook.Wit.Dictation.Editor", "Facebook.Wit.Dictation.Editor.csproj", "{84A0A343-620F-B0F4-E000-0F1E989728AA}"
EndProject
Project("{FAE04EC0-301F-11D3-BF4B-00C04F79EFBC}") = "VoiceSDK.Dictation.Editor", "VoiceSDK.Dictation.Editor.csproj", "{5EB81050-2AA6-054A-7F29-22AFB099D0A6}"
EndProject
Project("{FAE04EC0-301F-11D3-BF4B-00C04F79EFBC}") = "Oculus.Platform.Editor", "Oculus.Platform.Editor.csproj", "{766AF07B-64E3-DBFC-116B-D9F4FD176EA8}"
EndProject
Project("{FAE04EC0-301F-11D3-BF4B-00C04F79EFBC}") = "Oculus.AudioManager.Audio.Editor", "Oculus.AudioManager.Audio.Editor.csproj", "{7F93C564-67CA-D435-824A-39D08FFAB7B4}"
EndProject
Project("{FAE04EC0-301F-11D3-BF4B-00C04F79EFBC}") = "Oculus.Interaction.InterfaceSupport", "Oculus.Interaction.InterfaceSupport.csproj", "{7CE4BE1A-AD5C-0D51-B3C0-340D4D70C1F8}"
EndProject
Project("{FAE04EC0-301F-11D3-BF4B-00C04F79EFBC}") = "Oculus.LipSync.Editor", "Oculus.LipSync.Editor.csproj", "{2CD4A0EA-B5C7-B324-E081-DF0464DCB4AF}"
EndProject
Project("{FAE04EC0-301F-11D3-BF4B-00C04F79EFBC}") = "Meta.Voice.VSDKHub.Editor", "Meta.Voice.VSDKHub.Editor.csproj", "{016A2FCE-1D93-7BEE-7E1C-9B34F11047A9}"
EndProject
Project("{FAE04EC0-301F-11D3-BF4B-00C04F79EFBC}") = "AssistantCoreSDKEditor", "AssistantCoreSDKEditor.csproj", "{31A311D2-6F9E-AD26-62EC-76DDF38F9BA7}"
EndProject
Project("{FAE04EC0-301F-11D3-BF4B-00C04F79EFBC}") = "Oculus.AudioManager.Utils.Editor", "Oculus.AudioManager.Utils.Editor.csproj", "{9FF2EEF0-23FC-DBC2-292E-C6C6F5D57699}"
EndProject
Global
	GlobalSection(SolutionConfigurationPlatforms) = preSolution
		Debug|Any CPU = Debug|Any CPU
		Release|Any CPU = Release|Any CPU
	EndGlobalSection
	GlobalSection(ProjectConfigurationPlatforms) = postSolution
		{02DFD0A3-CFBC-9DB9-7139-F3B05D4CD78E}.Debug|Any CPU.ActiveCfg = Debug|Any CPU
		{02DFD0A3-CFBC-9DB9-7139-F3B05D4CD78E}.Debug|Any CPU.Build.0 = Debug|Any CPU
		{02DFD0A3-CFBC-9DB9-7139-F3B05D4CD78E}.Release|Any CPU.ActiveCfg = Release|Any CPU
		{02DFD0A3-CFBC-9DB9-7139-F3B05D4CD78E}.Release|Any CPU.Build.0 = Release|Any CPU
		{1CF1E11B-9C1B-92C4-6DF4-3118563722E3}.Debug|Any CPU.ActiveCfg = Debug|Any CPU
		{1CF1E11B-9C1B-92C4-6DF4-3118563722E3}.Debug|Any CPU.Build.0 = Debug|Any CPU
		{1CF1E11B-9C1B-92C4-6DF4-3118563722E3}.Release|Any CPU.ActiveCfg = Release|Any CPU
		{1CF1E11B-9C1B-92C4-6DF4-3118563722E3}.Release|Any CPU.Build.0 = Release|Any CPU
		{B9835330-C079-0F9E-7E99-B742E6771E67}.Debug|Any CPU.ActiveCfg = Debug|Any CPU
		{B9835330-C079-0F9E-7E99-B742E6771E67}.Debug|Any CPU.Build.0 = Debug|Any CPU
		{B9835330-C079-0F9E-7E99-B742E6771E67}.Release|Any CPU.ActiveCfg = Release|Any CPU
		{B9835330-C079-0F9E-7E99-B742E6771E67}.Release|Any CPU.Build.0 = Release|Any CPU
		{F9331E5B-A370-9B1D-ED85-AE63A23A5FF1}.Debug|Any CPU.ActiveCfg = Debug|Any CPU
		{F9331E5B-A370-9B1D-ED85-AE63A23A5FF1}.Debug|Any CPU.Build.0 = Debug|Any CPU
		{F9331E5B-A370-9B1D-ED85-AE63A23A5FF1}.Release|Any CPU.ActiveCfg = Release|Any CPU
		{F9331E5B-A370-9B1D-ED85-AE63A23A5FF1}.Release|Any CPU.Build.0 = Release|Any CPU
		{52D995B2-1E84-D22D-DC4F-D5A327D7E4D0}.Debug|Any CPU.ActiveCfg = Debug|Any CPU
		{52D995B2-1E84-D22D-DC4F-D5A327D7E4D0}.Debug|Any CPU.Build.0 = Debug|Any CPU
		{52D995B2-1E84-D22D-DC4F-D5A327D7E4D0}.Release|Any CPU.ActiveCfg = Release|Any CPU
		{52D995B2-1E84-D22D-DC4F-D5A327D7E4D0}.Release|Any CPU.Build.0 = Release|Any CPU
		{0C7F1E28-FF6C-7C63-04C9-98FB162AF04E}.Debug|Any CPU.ActiveCfg = Debug|Any CPU
		{0C7F1E28-FF6C-7C63-04C9-98FB162AF04E}.Debug|Any CPU.Build.0 = Debug|Any CPU
		{0C7F1E28-FF6C-7C63-04C9-98FB162AF04E}.Release|Any CPU.ActiveCfg = Release|Any CPU
		{0C7F1E28-FF6C-7C63-04C9-98FB162AF04E}.Release|Any CPU.Build.0 = Release|Any CPU
		{AEF195E9-A6E5-70DD-C242-74613FC1ED4A}.Debug|Any CPU.ActiveCfg = Debug|Any CPU
		{AEF195E9-A6E5-70DD-C242-74613FC1ED4A}.Debug|Any CPU.Build.0 = Debug|Any CPU
		{AEF195E9-A6E5-70DD-C242-74613FC1ED4A}.Release|Any CPU.ActiveCfg = Release|Any CPU
		{AEF195E9-A6E5-70DD-C242-74613FC1ED4A}.Release|Any CPU.Build.0 = Release|Any CPU
		{2E3416E0-E3CF-3B11-58F8-5BA99BE00A11}.Debug|Any CPU.ActiveCfg = Debug|Any CPU
		{2E3416E0-E3CF-3B11-58F8-5BA99BE00A11}.Debug|Any CPU.Build.0 = Debug|Any CPU
		{2E3416E0-E3CF-3B11-58F8-5BA99BE00A11}.Release|Any CPU.ActiveCfg = Release|Any CPU
		{2E3416E0-E3CF-3B11-58F8-5BA99BE00A11}.Release|Any CPU.Build.0 = Release|Any CPU
		{8A6364B6-C012-6128-174E-C2FDB632281B}.Debug|Any CPU.ActiveCfg = Debug|Any CPU
		{8A6364B6-C012-6128-174E-C2FDB632281B}.Debug|Any CPU.Build.0 = Debug|Any CPU
		{8A6364B6-C012-6128-174E-C2FDB632281B}.Release|Any CPU.ActiveCfg = Release|Any CPU
		{8A6364B6-C012-6128-174E-C2FDB632281B}.Release|Any CPU.Build.0 = Release|Any CPU
		{C7234C32-C591-25E5-0FC1-0695E7E758B8}.Debug|Any CPU.ActiveCfg = Debug|Any CPU
		{C7234C32-C591-25E5-0FC1-0695E7E758B8}.Debug|Any CPU.Build.0 = Debug|Any CPU
		{C7234C32-C591-25E5-0FC1-0695E7E758B8}.Release|Any CPU.ActiveCfg = Release|Any CPU
		{C7234C32-C591-25E5-0FC1-0695E7E758B8}.Release|Any CPU.Build.0 = Release|Any CPU
		{4579340B-14E6-453C-8A97-43571F062181}.Debug|Any CPU.ActiveCfg = Debug|Any CPU
		{4579340B-14E6-453C-8A97-43571F062181}.Debug|Any CPU.Build.0 = Debug|Any CPU
		{4579340B-14E6-453C-8A97-43571F062181}.Release|Any CPU.ActiveCfg = Release|Any CPU
		{4579340B-14E6-453C-8A97-43571F062181}.Release|Any CPU.Build.0 = Release|Any CPU
		{165CBEEE-DAA7-7955-1A12-EBE2059A1958}.Debug|Any CPU.ActiveCfg = Debug|Any CPU
		{165CBEEE-DAA7-7955-1A12-EBE2059A1958}.Debug|Any CPU.Build.0 = Debug|Any CPU
		{165CBEEE-DAA7-7955-1A12-EBE2059A1958}.Release|Any CPU.ActiveCfg = Release|Any CPU
		{165CBEEE-DAA7-7955-1A12-EBE2059A1958}.Release|Any CPU.Build.0 = Release|Any CPU
		{AF2B3026-1AB0-2CE3-DAE6-1AFF2BE010DF}.Debug|Any CPU.ActiveCfg = Debug|Any CPU
		{AF2B3026-1AB0-2CE3-DAE6-1AFF2BE010DF}.Debug|Any CPU.Build.0 = Debug|Any CPU
		{AF2B3026-1AB0-2CE3-DAE6-1AFF2BE010DF}.Release|Any CPU.ActiveCfg = Release|Any CPU
		{AF2B3026-1AB0-2CE3-DAE6-1AFF2BE010DF}.Release|Any CPU.Build.0 = Release|Any CPU
		{21D0D196-21FA-BC18-7674-BD54EC217E70}.Debug|Any CPU.ActiveCfg = Debug|Any CPU
		{21D0D196-21FA-BC18-7674-BD54EC217E70}.Debug|Any CPU.Build.0 = Debug|Any CPU
		{21D0D196-21FA-BC18-7674-BD54EC217E70}.Release|Any CPU.ActiveCfg = Release|Any CPU
		{21D0D196-21FA-BC18-7674-BD54EC217E70}.Release|Any CPU.Build.0 = Release|Any CPU
		{C320C349-F7EF-03AF-C2EA-BCF488977F3D}.Debug|Any CPU.ActiveCfg = Debug|Any CPU
		{C320C349-F7EF-03AF-C2EA-BCF488977F3D}.Debug|Any CPU.Build.0 = Debug|Any CPU
		{C320C349-F7EF-03AF-C2EA-BCF488977F3D}.Release|Any CPU.ActiveCfg = Release|Any CPU
		{C320C349-F7EF-03AF-C2EA-BCF488977F3D}.Release|Any CPU.Build.0 = Release|Any CPU
		{E9140FA2-43CD-0950-EEFB-7387ADC6DA0C}.Debug|Any CPU.ActiveCfg = Debug|Any CPU
		{E9140FA2-43CD-0950-EEFB-7387ADC6DA0C}.Debug|Any CPU.Build.0 = Debug|Any CPU
		{E9140FA2-43CD-0950-EEFB-7387ADC6DA0C}.Release|Any CPU.ActiveCfg = Release|Any CPU
		{E9140FA2-43CD-0950-EEFB-7387ADC6DA0C}.Release|Any CPU.Build.0 = Release|Any CPU
		{8E05B261-91FF-B2E0-6CCD-D7AC74C8C65A}.Debug|Any CPU.ActiveCfg = Debug|Any CPU
		{8E05B261-91FF-B2E0-6CCD-D7AC74C8C65A}.Debug|Any CPU.Build.0 = Debug|Any CPU
		{8E05B261-91FF-B2E0-6CCD-D7AC74C8C65A}.Release|Any CPU.ActiveCfg = Release|Any CPU
		{8E05B261-91FF-B2E0-6CCD-D7AC74C8C65A}.Release|Any CPU.Build.0 = Release|Any CPU
		{FE80938D-6C69-C283-B616-5FC76ECC4080}.Debug|Any CPU.ActiveCfg = Debug|Any CPU
		{FE80938D-6C69-C283-B616-5FC76ECC4080}.Debug|Any CPU.Build.0 = Debug|Any CPU
		{FE80938D-6C69-C283-B616-5FC76ECC4080}.Release|Any CPU.ActiveCfg = Release|Any CPU
		{FE80938D-6C69-C283-B616-5FC76ECC4080}.Release|Any CPU.Build.0 = Release|Any CPU
		{98735D4C-6EA3-EA8C-5A9F-54C9E5E699E9}.Debug|Any CPU.ActiveCfg = Debug|Any CPU
		{98735D4C-6EA3-EA8C-5A9F-54C9E5E699E9}.Debug|Any CPU.Build.0 = Debug|Any CPU
		{98735D4C-6EA3-EA8C-5A9F-54C9E5E699E9}.Release|Any CPU.ActiveCfg = Release|Any CPU
		{98735D4C-6EA3-EA8C-5A9F-54C9E5E699E9}.Release|Any CPU.Build.0 = Release|Any CPU
		{D4A33EBC-D082-3372-9515-359EDE7AAB06}.Debug|Any CPU.ActiveCfg = Debug|Any CPU
		{D4A33EBC-D082-3372-9515-359EDE7AAB06}.Debug|Any CPU.Build.0 = Debug|Any CPU
		{D4A33EBC-D082-3372-9515-359EDE7AAB06}.Release|Any CPU.ActiveCfg = Release|Any CPU
		{D4A33EBC-D082-3372-9515-359EDE7AAB06}.Release|Any CPU.Build.0 = Release|Any CPU
		{EA2A2E7A-D45C-B812-F0C4-08AB1946DB6A}.Debug|Any CPU.ActiveCfg = Debug|Any CPU
		{EA2A2E7A-D45C-B812-F0C4-08AB1946DB6A}.Debug|Any CPU.Build.0 = Debug|Any CPU
		{EA2A2E7A-D45C-B812-F0C4-08AB1946DB6A}.Release|Any CPU.ActiveCfg = Release|Any CPU
		{EA2A2E7A-D45C-B812-F0C4-08AB1946DB6A}.Release|Any CPU.Build.0 = Release|Any CPU
		{C5AF068D-5439-4F13-C65C-745658EDB3AE}.Debug|Any CPU.ActiveCfg = Debug|Any CPU
		{C5AF068D-5439-4F13-C65C-745658EDB3AE}.Debug|Any CPU.Build.0 = Debug|Any CPU
		{C5AF068D-5439-4F13-C65C-745658EDB3AE}.Release|Any CPU.ActiveCfg = Release|Any CPU
		{C5AF068D-5439-4F13-C65C-745658EDB3AE}.Release|Any CPU.Build.0 = Release|Any CPU
		{361B77FC-9CBD-3CDF-D11B-B79617D02F03}.Debug|Any CPU.ActiveCfg = Debug|Any CPU
		{361B77FC-9CBD-3CDF-D11B-B79617D02F03}.Debug|Any CPU.Build.0 = Debug|Any CPU
		{361B77FC-9CBD-3CDF-D11B-B79617D02F03}.Release|Any CPU.ActiveCfg = Release|Any CPU
		{361B77FC-9CBD-3CDF-D11B-B79617D02F03}.Release|Any CPU.Build.0 = Release|Any CPU
		{B54BF802-745C-B7E2-7383-33CE75E48D50}.Debug|Any CPU.ActiveCfg = Debug|Any CPU
		{B54BF802-745C-B7E2-7383-33CE75E48D50}.Debug|Any CPU.Build.0 = Debug|Any CPU
		{B54BF802-745C-B7E2-7383-33CE75E48D50}.Release|Any CPU.ActiveCfg = Release|Any CPU
		{B54BF802-745C-B7E2-7383-33CE75E48D50}.Release|Any CPU.Build.0 = Release|Any CPU
		{1AB388B7-0696-2AD9-6DD7-C1D58764454F}.Debug|Any CPU.ActiveCfg = Debug|Any CPU
		{1AB388B7-0696-2AD9-6DD7-C1D58764454F}.Debug|Any CPU.Build.0 = Debug|Any CPU
		{1AB388B7-0696-2AD9-6DD7-C1D58764454F}.Release|Any CPU.ActiveCfg = Release|Any CPU
		{1AB388B7-0696-2AD9-6DD7-C1D58764454F}.Release|Any CPU.Build.0 = Release|Any CPU
		{9CC0DB63-FDEE-CF1E-B5BD-3EBE55378955}.Debug|Any CPU.ActiveCfg = Debug|Any CPU
		{9CC0DB63-FDEE-CF1E-B5BD-3EBE55378955}.Debug|Any CPU.Build.0 = Debug|Any CPU
		{9CC0DB63-FDEE-CF1E-B5BD-3EBE55378955}.Release|Any CPU.ActiveCfg = Release|Any CPU
		{9CC0DB63-FDEE-CF1E-B5BD-3EBE55378955}.Release|Any CPU.Build.0 = Release|Any CPU
		{D505BEE2-2D9A-A44C-04BD-B5D614FF7434}.Debug|Any CPU.ActiveCfg = Debug|Any CPU
		{D505BEE2-2D9A-A44C-04BD-B5D614FF7434}.Debug|Any CPU.Build.0 = Debug|Any CPU
		{D505BEE2-2D9A-A44C-04BD-B5D614FF7434}.Release|Any CPU.ActiveCfg = Release|Any CPU
		{D505BEE2-2D9A-A44C-04BD-B5D614FF7434}.Release|Any CPU.Build.0 = Release|Any CPU
		{902EEEDC-A662-25AE-717B-1E81E91BEFD9}.Debug|Any CPU.ActiveCfg = Debug|Any CPU
		{902EEEDC-A662-25AE-717B-1E81E91BEFD9}.Debug|Any CPU.Build.0 = Debug|Any CPU
		{902EEEDC-A662-25AE-717B-1E81E91BEFD9}.Release|Any CPU.ActiveCfg = Release|Any CPU
		{902EEEDC-A662-25AE-717B-1E81E91BEFD9}.Release|Any CPU.Build.0 = Release|Any CPU
		{7E4885A6-E45A-836D-E7AD-BAC4ED9BA368}.Debug|Any CPU.ActiveCfg = Debug|Any CPU
		{7E4885A6-E45A-836D-E7AD-BAC4ED9BA368}.Debug|Any CPU.Build.0 = Debug|Any CPU
		{7E4885A6-E45A-836D-E7AD-BAC4ED9BA368}.Release|Any CPU.ActiveCfg = Release|Any CPU
		{7E4885A6-E45A-836D-E7AD-BAC4ED9BA368}.Release|Any CPU.Build.0 = Release|Any CPU
		{D9A6EC5B-D344-C49F-46FE-63C8CE522275}.Debug|Any CPU.ActiveCfg = Debug|Any CPU
		{D9A6EC5B-D344-C49F-46FE-63C8CE522275}.Debug|Any CPU.Build.0 = Debug|Any CPU
		{D9A6EC5B-D344-C49F-46FE-63C8CE522275}.Release|Any CPU.ActiveCfg = Release|Any CPU
		{D9A6EC5B-D344-C49F-46FE-63C8CE522275}.Release|Any CPU.Build.0 = Release|Any CPU
		{9E8FCD7C-1692-EF0B-56F7-9B80F785276B}.Debug|Any CPU.ActiveCfg = Debug|Any CPU
		{9E8FCD7C-1692-EF0B-56F7-9B80F785276B}.Debug|Any CPU.Build.0 = Debug|Any CPU
		{9E8FCD7C-1692-EF0B-56F7-9B80F785276B}.Release|Any CPU.ActiveCfg = Release|Any CPU
		{9E8FCD7C-1692-EF0B-56F7-9B80F785276B}.Release|Any CPU.Build.0 = Release|Any CPU
		{2F4205F3-A61C-7589-172A-95BD1C488D1D}.Debug|Any CPU.ActiveCfg = Debug|Any CPU
		{2F4205F3-A61C-7589-172A-95BD1C488D1D}.Debug|Any CPU.Build.0 = Debug|Any CPU
		{2F4205F3-A61C-7589-172A-95BD1C488D1D}.Release|Any CPU.ActiveCfg = Release|Any CPU
		{2F4205F3-A61C-7589-172A-95BD1C488D1D}.Release|Any CPU.Build.0 = Release|Any CPU
		{85A1905B-5327-FB96-C3CC-9B56FFCC2378}.Debug|Any CPU.ActiveCfg = Debug|Any CPU
		{85A1905B-5327-FB96-C3CC-9B56FFCC2378}.Debug|Any CPU.Build.0 = Debug|Any CPU
		{85A1905B-5327-FB96-C3CC-9B56FFCC2378}.Release|Any CPU.ActiveCfg = Release|Any CPU
		{85A1905B-5327-FB96-C3CC-9B56FFCC2378}.Release|Any CPU.Build.0 = Release|Any CPU
		{A3DAD75C-9E77-9613-58F4-E5A3D2D093C1}.Debug|Any CPU.ActiveCfg = Debug|Any CPU
		{A3DAD75C-9E77-9613-58F4-E5A3D2D093C1}.Debug|Any CPU.Build.0 = Debug|Any CPU
		{A3DAD75C-9E77-9613-58F4-E5A3D2D093C1}.Release|Any CPU.ActiveCfg = Release|Any CPU
		{A3DAD75C-9E77-9613-58F4-E5A3D2D093C1}.Release|Any CPU.Build.0 = Release|Any CPU
		{2EBDAC9C-D0D3-E530-A940-AD84CCDB8052}.Debug|Any CPU.ActiveCfg = Debug|Any CPU
		{2EBDAC9C-D0D3-E530-A940-AD84CCDB8052}.Debug|Any CPU.Build.0 = Debug|Any CPU
		{2EBDAC9C-D0D3-E530-A940-AD84CCDB8052}.Release|Any CPU.ActiveCfg = Release|Any CPU
		{2EBDAC9C-D0D3-E530-A940-AD84CCDB8052}.Release|Any CPU.Build.0 = Release|Any CPU
		{B11FA218-964D-A478-7859-EC2E870A52E9}.Debug|Any CPU.ActiveCfg = Debug|Any CPU
		{B11FA218-964D-A478-7859-EC2E870A52E9}.Debug|Any CPU.Build.0 = Debug|Any CPU
		{B11FA218-964D-A478-7859-EC2E870A52E9}.Release|Any CPU.ActiveCfg = Release|Any CPU
		{B11FA218-964D-A478-7859-EC2E870A52E9}.Release|Any CPU.Build.0 = Release|Any CPU
		{400E6E6F-143B-6504-A9B7-C0B1FF6C3CAB}.Debug|Any CPU.ActiveCfg = Debug|Any CPU
		{400E6E6F-143B-6504-A9B7-C0B1FF6C3CAB}.Debug|Any CPU.Build.0 = Debug|Any CPU
		{400E6E6F-143B-6504-A9B7-C0B1FF6C3CAB}.Release|Any CPU.ActiveCfg = Release|Any CPU
		{400E6E6F-143B-6504-A9B7-C0B1FF6C3CAB}.Release|Any CPU.Build.0 = Release|Any CPU
		{4F74D918-2CFF-EC43-39E7-C3C1576090D9}.Debug|Any CPU.ActiveCfg = Debug|Any CPU
		{4F74D918-2CFF-EC43-39E7-C3C1576090D9}.Debug|Any CPU.Build.0 = Debug|Any CPU
		{4F74D918-2CFF-EC43-39E7-C3C1576090D9}.Release|Any CPU.ActiveCfg = Release|Any CPU
		{4F74D918-2CFF-EC43-39E7-C3C1576090D9}.Release|Any CPU.Build.0 = Release|Any CPU
		{6F73183A-4268-B2BF-2CC2-70915D8F6F97}.Debug|Any CPU.ActiveCfg = Debug|Any CPU
		{6F73183A-4268-B2BF-2CC2-70915D8F6F97}.Debug|Any CPU.Build.0 = Debug|Any CPU
		{6F73183A-4268-B2BF-2CC2-70915D8F6F97}.Release|Any CPU.ActiveCfg = Release|Any CPU
		{6F73183A-4268-B2BF-2CC2-70915D8F6F97}.Release|Any CPU.Build.0 = Release|Any CPU
		{CAD790AC-F191-4E57-F787-142F4EBE73CF}.Debug|Any CPU.ActiveCfg = Debug|Any CPU
		{CAD790AC-F191-4E57-F787-142F4EBE73CF}.Debug|Any CPU.Build.0 = Debug|Any CPU
		{CAD790AC-F191-4E57-F787-142F4EBE73CF}.Release|Any CPU.ActiveCfg = Release|Any CPU
		{CAD790AC-F191-4E57-F787-142F4EBE73CF}.Release|Any CPU.Build.0 = Release|Any CPU
		{632F2715-343A-7FD5-446D-D5A9E9E074E6}.Debug|Any CPU.ActiveCfg = Debug|Any CPU
		{632F2715-343A-7FD5-446D-D5A9E9E074E6}.Debug|Any CPU.Build.0 = Debug|Any CPU
		{632F2715-343A-7FD5-446D-D5A9E9E074E6}.Release|Any CPU.ActiveCfg = Release|Any CPU
		{632F2715-343A-7FD5-446D-D5A9E9E074E6}.Release|Any CPU.Build.0 = Release|Any CPU
		{FCBCBB7D-8E64-7FAF-EF7A-6841510B5785}.Debug|Any CPU.ActiveCfg = Debug|Any CPU
		{FCBCBB7D-8E64-7FAF-EF7A-6841510B5785}.Debug|Any CPU.Build.0 = Debug|Any CPU
		{FCBCBB7D-8E64-7FAF-EF7A-6841510B5785}.Release|Any CPU.ActiveCfg = Release|Any CPU
		{FCBCBB7D-8E64-7FAF-EF7A-6841510B5785}.Release|Any CPU.Build.0 = Release|Any CPU
		{5C23291A-B1B8-D002-7545-F43DBEC07B45}.Debug|Any CPU.ActiveCfg = Debug|Any CPU
		{5C23291A-B1B8-D002-7545-F43DBEC07B45}.Debug|Any CPU.Build.0 = Debug|Any CPU
		{5C23291A-B1B8-D002-7545-F43DBEC07B45}.Release|Any CPU.ActiveCfg = Release|Any CPU
		{5C23291A-B1B8-D002-7545-F43DBEC07B45}.Release|Any CPU.Build.0 = Release|Any CPU
		{A11383F0-447E-1C5B-C839-1330748CE75C}.Debug|Any CPU.ActiveCfg = Debug|Any CPU
		{A11383F0-447E-1C5B-C839-1330748CE75C}.Debug|Any CPU.Build.0 = Debug|Any CPU
		{A11383F0-447E-1C5B-C839-1330748CE75C}.Release|Any CPU.ActiveCfg = Release|Any CPU
		{A11383F0-447E-1C5B-C839-1330748CE75C}.Release|Any CPU.Build.0 = Release|Any CPU
		{055EF902-7E10-45AD-920D-D58AB5238B22}.Debug|Any CPU.ActiveCfg = Debug|Any CPU
		{055EF902-7E10-45AD-920D-D58AB5238B22}.Debug|Any CPU.Build.0 = Debug|Any CPU
		{055EF902-7E10-45AD-920D-D58AB5238B22}.Release|Any CPU.ActiveCfg = Release|Any CPU
		{055EF902-7E10-45AD-920D-D58AB5238B22}.Release|Any CPU.Build.0 = Release|Any CPU
		{84A0A343-620F-B0F4-E000-0F1E989728AA}.Debug|Any CPU.ActiveCfg = Debug|Any CPU
		{84A0A343-620F-B0F4-E000-0F1E989728AA}.Debug|Any CPU.Build.0 = Debug|Any CPU
		{84A0A343-620F-B0F4-E000-0F1E989728AA}.Release|Any CPU.ActiveCfg = Release|Any CPU
		{84A0A343-620F-B0F4-E000-0F1E989728AA}.Release|Any CPU.Build.0 = Release|Any CPU
		{5EB81050-2AA6-054A-7F29-22AFB099D0A6}.Debug|Any CPU.ActiveCfg = Debug|Any CPU
		{5EB81050-2AA6-054A-7F29-22AFB099D0A6}.Debug|Any CPU.Build.0 = Debug|Any CPU
		{5EB81050-2AA6-054A-7F29-22AFB099D0A6}.Release|Any CPU.ActiveCfg = Release|Any CPU
		{5EB81050-2AA6-054A-7F29-22AFB099D0A6}.Release|Any CPU.Build.0 = Release|Any CPU
		{766AF07B-64E3-DBFC-116B-D9F4FD176EA8}.Debug|Any CPU.ActiveCfg = Debug|Any CPU
		{766AF07B-64E3-DBFC-116B-D9F4FD176EA8}.Debug|Any CPU.Build.0 = Debug|Any CPU
		{766AF07B-64E3-DBFC-116B-D9F4FD176EA8}.Release|Any CPU.ActiveCfg = Release|Any CPU
		{766AF07B-64E3-DBFC-116B-D9F4FD176EA8}.Release|Any CPU.Build.0 = Release|Any CPU
		{7F93C564-67CA-D435-824A-39D08FFAB7B4}.Debug|Any CPU.ActiveCfg = Debug|Any CPU
		{7F93C564-67CA-D435-824A-39D08FFAB7B4}.Debug|Any CPU.Build.0 = Debug|Any CPU
		{7F93C564-67CA-D435-824A-39D08FFAB7B4}.Release|Any CPU.ActiveCfg = Release|Any CPU
		{7F93C564-67CA-D435-824A-39D08FFAB7B4}.Release|Any CPU.Build.0 = Release|Any CPU
		{7CE4BE1A-AD5C-0D51-B3C0-340D4D70C1F8}.Debug|Any CPU.ActiveCfg = Debug|Any CPU
		{7CE4BE1A-AD5C-0D51-B3C0-340D4D70C1F8}.Debug|Any CPU.Build.0 = Debug|Any CPU
		{7CE4BE1A-AD5C-0D51-B3C0-340D4D70C1F8}.Release|Any CPU.ActiveCfg = Release|Any CPU
		{7CE4BE1A-AD5C-0D51-B3C0-340D4D70C1F8}.Release|Any CPU.Build.0 = Release|Any CPU
		{2CD4A0EA-B5C7-B324-E081-DF0464DCB4AF}.Debug|Any CPU.ActiveCfg = Debug|Any CPU
		{2CD4A0EA-B5C7-B324-E081-DF0464DCB4AF}.Debug|Any CPU.Build.0 = Debug|Any CPU
		{2CD4A0EA-B5C7-B324-E081-DF0464DCB4AF}.Release|Any CPU.ActiveCfg = Release|Any CPU
		{2CD4A0EA-B5C7-B324-E081-DF0464DCB4AF}.Release|Any CPU.Build.0 = Release|Any CPU
		{016A2FCE-1D93-7BEE-7E1C-9B34F11047A9}.Debug|Any CPU.ActiveCfg = Debug|Any CPU
		{016A2FCE-1D93-7BEE-7E1C-9B34F11047A9}.Debug|Any CPU.Build.0 = Debug|Any CPU
		{016A2FCE-1D93-7BEE-7E1C-9B34F11047A9}.Release|Any CPU.ActiveCfg = Release|Any CPU
		{016A2FCE-1D93-7BEE-7E1C-9B34F11047A9}.Release|Any CPU.Build.0 = Release|Any CPU
		{31A311D2-6F9E-AD26-62EC-76DDF38F9BA7}.Debug|Any CPU.ActiveCfg = Debug|Any CPU
		{31A311D2-6F9E-AD26-62EC-76DDF38F9BA7}.Debug|Any CPU.Build.0 = Debug|Any CPU
		{31A311D2-6F9E-AD26-62EC-76DDF38F9BA7}.Release|Any CPU.ActiveCfg = Release|Any CPU
		{31A311D2-6F9E-AD26-62EC-76DDF38F9BA7}.Release|Any CPU.Build.0 = Release|Any CPU
		{9FF2EEF0-23FC-DBC2-292E-C6C6F5D57699}.Debug|Any CPU.ActiveCfg = Debug|Any CPU
		{9FF2EEF0-23FC-DBC2-292E-C6C6F5D57699}.Debug|Any CPU.Build.0 = Debug|Any CPU
		{9FF2EEF0-23FC-DBC2-292E-C6C6F5D57699}.Release|Any CPU.ActiveCfg = Release|Any CPU
		{9FF2EEF0-23FC-DBC2-292E-C6C6F5D57699}.Release|Any CPU.Build.0 = Release|Any CPU
	EndGlobalSection
	GlobalSection(SolutionProperties) = preSolution
		HideSolutionNode = FALSE
	EndGlobalSection
EndGlobal
